
Microsoft Visual Studio Solution File, Format Version 12.00
# Visual Studio Version 17
VisualStudioVersion = 17.14.36408.4
MinimumVisualStudioVersion = 10.0.40219.1
Project("{FAE04EC0-301F-11D3-BF4B-00C04F79EFBC}") = "NetTunnel.Core", "src\NetTunnel.Core\NetTunnel.Core.csproj", "{1F4476FC-EF4C-4567-B2F2-85954B898530}"
EndProject
Project("{2150E333-8FDC-42A3-9474-1A3956D46DE8}") = "src", "src", "{36D591C7-65C7-A0D1-1CBC-10CDE441BDC8}"
EndProject
Project("{FAE04EC0-301F-11D3-BF4B-00C04F79EFBC}") = "NetTunnel.Test", "src\NetTunnel.Test\NetTunnel.Test.csproj", "{1FB18297-7611-456F-9A3D-B662D4017B91}"
EndProject
Project("{FAE04EC0-301F-11D3-BF4B-00C04F79EFBC}") = "NetTunnel.Client", "src\NetTunnel.Client\NetTunnel.Client.csproj", "{41E8B0D7-19A9-47F9-ABAB-3352C2AB1FB8}"
EndProject
Project("{FAE04EC0-301F-11D3-BF4B-00C04F79EFBC}") = "NetTunnel.Server", "src\NetTunnel.Server\NetTunnel.Server.csproj", "{60F43515-1755-4D08-92DD-9E44306DF804}"
EndProject
Global
	GlobalSection(SolutionConfigurationPlatforms) = preSolution
		Debug|Any CPU = Debug|Any CPU
		Release|Any CPU = Release|Any CPU
	EndGlobalSection
	GlobalSection(ProjectConfigurationPlatforms) = postSolution
		{1F4476FC-EF4C-4567-B2F2-85954B898530}.Debug|Any CPU.ActiveCfg = Debug|Any CPU
		{1F4476FC-EF4C-4567-B2F2-85954B898530}.Debug|Any CPU.Build.0 = Debug|Any CPU
		{1F4476FC-EF4C-4567-B2F2-85954B898530}.Release|Any CPU.ActiveCfg = Release|Any CPU
		{1F4476FC-EF4C-4567-B2F2-85954B898530}.Release|Any CPU.Build.0 = Release|Any CPU
		{1FB18297-7611-456F-9A3D-B662D4017B91}.Debug|Any CPU.ActiveCfg = Debug|Any CPU
		{1FB18297-7611-456F-9A3D-B662D4017B91}.Debug|Any CPU.Build.0 = Debug|Any CPU
		{1FB18297-7611-456F-9A3D-B662D4017B91}.Release|Any CPU.ActiveCfg = Release|Any CPU
		{1FB18297-7611-456F-9A3D-B662D4017B91}.Release|Any CPU.Build.0 = Release|Any CPU
		{41E8B0D7-19A9-47F9-ABAB-3352C2AB1FB8}.Debug|Any CPU.ActiveCfg = Debug|Any CPU
		{41E8B0D7-19A9-47F9-ABAB-3352C2AB1FB8}.Debug|Any CPU.Build.0 = Debug|Any CPU
		{41E8B0D7-19A9-47F9-ABAB-3352C2AB1FB8}.Release|Any CPU.ActiveCfg = Release|Any CPU
		{41E8B0D7-19A9-47F9-ABAB-3352C2AB1FB8}.Release|Any CPU.Build.0 = Release|Any CPU
		{60F43515-1755-4D08-92DD-9E44306DF804}.Debug|Any CPU.ActiveCfg = Debug|Any CPU
		{60F43515-1755-4D08-92DD-9E44306DF804}.Debug|Any CPU.Build.0 = Debug|Any CPU
		{60F43515-1755-4D08-92DD-9E44306DF804}.Release|Any CPU.ActiveCfg = Release|Any CPU
		{60F43515-1755-4D08-92DD-9E44306DF804}.Release|Any CPU.Build.0 = Release|Any CPU
	EndGlobalSection
	GlobalSection(SolutionProperties) = preSolution
		HideSolutionNode = FALSE
	EndGlobalSection
	GlobalSection(NestedProjects) = preSolution
		{1F4476FC-EF4C-4567-B2F2-85954B898530} = {36D591C7-65C7-A0D1-1CBC-10CDE441BDC8}
		{1FB18297-7611-456F-9A3D-B662D4017B91} = {36D591C7-65C7-A0D1-1CBC-10CDE441BDC8}
		{41E8B0D7-19A9-47F9-ABAB-3352C2AB1FB8} = {36D591C7-65C7-A0D1-1CBC-10CDE441BDC8}
		{60F43515-1755-4D08-92DD-9E44306DF804} = {36D591C7-65C7-A0D1-1CBC-10CDE441BDC8}
	EndGlobalSection
	GlobalSection(ExtensibilityGlobals) = postSolution
		SolutionGuid = {094E2348-EC24-4C85-A529-DE5554066839}
	EndGlobalSection
EndGlobal
