
Microsoft Visual Studio Solution File, Format Version 12.00
# Visual Studio Version 17
VisualStudioVersion = 17.14.36408.4
MinimumVisualStudioVersion = 10.0.40219.1
Project("{2150E333-8FDC-42A3-9474-1A3956D46DE8}") = "src", "src", "{36D591C7-65C7-A0D1-1CBC-10CDE441BDC8}"
EndProject
Project("{FAE04EC0-301F-11D3-BF4B-00C04F79EFBC}") = "NetTunnel.UdpTrafficGenerator", "src\NetTunnel.UdpTrafficGenerator\NetTunnel.UdpTrafficGenerator.csproj", "{95FEA6BD-9BD7-4EF9-8155-ABA9ECFEBCC9}"
EndProject
Project("{FAE04EC0-301F-11D3-BF4B-00C04F79EFBC}") = "NetTunnel.UdpEchoServer", "src\NetTunnel.UdpEchoServer\NetTunnel.UdpEchoServer.csproj", "{BA142292-F08D-48A3-9D6B-1B08D0E79635}"
EndProject
Project("{2150E333-8FDC-42A3-9474-1A3956D46DE8}") = "deploy", "deploy", "{7E92B2B0-B636-4A3C-883C-4EA894CE9984}"
EndProject
Project("{E53339B2-1760-4266-BCC7-CA923CBCF16C}") = "docker-compose", "deploy\docker-compose.dcproj", "{81DDED9D-158B-E303-5F62-77A2896D2A5A}"
EndProject
Project("{2150E333-8FDC-42A3-9474-1A3956D46DE8}") = "Core", "Core", "{F7D92B69-0F94-483A-84A0-B71AA60C6E4D}"
EndProject
Project("{FAE04EC0-301F-11D3-BF4B-00C04F79EFBC}") = "NetTunnel.Infrastucture", "src\NetTunnel.Infrastucture\NetTunnel.Infrastucture.csproj", "{5317226F-F440-4D5C-ADF6-B86B880EC1A8}"
EndProject
Project("{2150E333-8FDC-42A3-9474-1A3956D46DE8}") = "Presentation", "Presentation", "{7F29258C-2458-4BCC-8AB6-D0570750E7A8}"
EndProject
Project("{2150E333-8FDC-42A3-9474-1A3956D46DE8}") = "Infrastructure", "Infrastructure", "{2808CB47-8F46-4874-A56F-44275296BE9F}"
EndProject
Project("{FAE04EC0-301F-11D3-BF4B-00C04F79EFBC}") = "NetTunnel.Domain", "src\NetTunnel.Domain\NetTunnel.Domain.csproj", "{CF971501-57F9-F6C5-3E03-4498B5B59789}"
EndProject
Project("{FAE04EC0-301F-11D3-BF4B-00C04F79EFBC}") = "NetTunnel.Application", "src\NetTunnel.Application\NetTunnel.Application.csproj", "{1B0996FD-D21F-0888-7593-CC60E260264E}"
EndProject
Project("{FAE04EC0-301F-11D3-BF4B-00C04F79EFBC}") = "NetTunnel.TunnelClient", "src\NetTunnel.TunnelClient\NetTunnel.TunnelClient.csproj", "{A03F0EE8-53A8-433E-8372-4BDF6829A246}"
EndProject
Project("{FAE04EC0-301F-11D3-BF4B-00C04F79EFBC}") = "NetTunnel.TunnelServer", "src\NetTunnel.TunnelServer\NetTunnel.TunnelServer.csproj", "{36B21028-D9E3-4A82-9B19-3175F0738DEA}"
EndProject
Project("{2150E333-8FDC-42A3-9474-1A3956D46DE8}") = "Utils", "Utils", "{DE7083CD-67C9-4BD5-B952-0375C39733F3}"
EndProject
Project("{2150E333-8FDC-42A3-9474-1A3956D46DE8}") = "tests", "tests", "{31AB5015-BD6D-4EFC-8F6C-9FC6A12E14E4}"
EndProject
Project("{FAE04EC0-301F-11D3-BF4B-00C04F79EFBC}") = "NetTunnel.Tests", "tests\NetTunnel.Tests\NetTunnel.Tests.csproj", "{12FC2B39-7D16-4ECC-8970-A0518A45197D}"
EndProject
Project("{FAE04EC0-301F-11D3-BF4B-00C04F79EFBC}") = "NetTunnel.TunnelNode", "src\NetTunnel.TunnelNode\NetTunnel.TunnelNode.csproj", "{798B4EEB-51F7-4494-82BD-6FF3892156A6}"
EndProject
Global
	GlobalSection(SolutionConfigurationPlatforms) = preSolution
		Debug|Any CPU = Debug|Any CPU
		Release|Any CPU = Release|Any CPU
	EndGlobalSection
	GlobalSection(ProjectConfigurationPlatforms) = postSolution
		{95FEA6BD-9BD7-4EF9-8155-ABA9ECFEBCC9}.Debug|Any CPU.ActiveCfg = Debug|Any CPU
		{95FEA6BD-9BD7-4EF9-8155-ABA9ECFEBCC9}.Debug|Any CPU.Build.0 = Debug|Any CPU
		{95FEA6BD-9BD7-4EF9-8155-ABA9ECFEBCC9}.Release|Any CPU.ActiveCfg = Release|Any CPU
		{95FEA6BD-9BD7-4EF9-8155-ABA9ECFEBCC9}.Release|Any CPU.Build.0 = Release|Any CPU
		{BA142292-F08D-48A3-9D6B-1B08D0E79635}.Debug|Any CPU.ActiveCfg = Debug|Any CPU
		{BA142292-F08D-48A3-9D6B-1B08D0E79635}.Debug|Any CPU.Build.0 = Debug|Any CPU
		{BA142292-F08D-48A3-9D6B-1B08D0E79635}.Release|Any CPU.ActiveCfg = Release|Any CPU
		{BA142292-F08D-48A3-9D6B-1B08D0E79635}.Release|Any CPU.Build.0 = Release|Any CPU
		{81DDED9D-158B-E303-5F62-77A2896D2A5A}.Debug|Any CPU.ActiveCfg = Debug|Any CPU
		{81DDED9D-158B-E303-5F62-77A2896D2A5A}.Debug|Any CPU.Build.0 = Debug|Any CPU
		{81DDED9D-158B-E303-5F62-77A2896D2A5A}.Release|Any CPU.ActiveCfg = Release|Any CPU
		{81DDED9D-158B-E303-5F62-77A2896D2A5A}.Release|Any CPU.Build.0 = Release|Any CPU
		{5317226F-F440-4D5C-ADF6-B86B880EC1A8}.Debug|Any CPU.ActiveCfg = Debug|Any CPU
		{5317226F-F440-4D5C-ADF6-B86B880EC1A8}.Debug|Any CPU.Build.0 = Debug|Any CPU
		{5317226F-F440-4D5C-ADF6-B86B880EC1A8}.Release|Any CPU.ActiveCfg = Release|Any CPU
		{5317226F-F440-4D5C-ADF6-B86B880EC1A8}.Release|Any CPU.Build.0 = Release|Any CPU
		{CF971501-57F9-F6C5-3E03-4498B5B59789}.Debug|Any CPU.ActiveCfg = Debug|Any CPU
		{CF971501-57F9-F6C5-3E03-4498B5B59789}.Debug|Any CPU.Build.0 = Debug|Any CPU
		{CF971501-57F9-F6C5-3E03-4498B5B59789}.Release|Any CPU.ActiveCfg = Release|Any CPU
		{CF971501-57F9-F6C5-3E03-4498B5B59789}.Release|Any CPU.Build.0 = Release|Any CPU
		{1B0996FD-D21F-0888-7593-CC60E260264E}.Debug|Any CPU.ActiveCfg = Debug|Any CPU
		{1B0996FD-D21F-0888-7593-CC60E260264E}.Debug|Any CPU.Build.0 = Debug|Any CPU
		{1B0996FD-D21F-0888-7593-CC60E260264E}.Release|Any CPU.ActiveCfg = Release|Any CPU
		{1B0996FD-D21F-0888-7593-CC60E260264E}.Release|Any CPU.Build.0 = Release|Any CPU
		{A03F0EE8-53A8-433E-8372-4BDF6829A246}.Debug|Any CPU.ActiveCfg = Debug|Any CPU
		{A03F0EE8-53A8-433E-8372-4BDF6829A246}.Debug|Any CPU.Build.0 = Debug|Any CPU
		{A03F0EE8-53A8-433E-8372-4BDF6829A246}.Release|Any CPU.ActiveCfg = Release|Any CPU
		{A03F0EE8-53A8-433E-8372-4BDF6829A246}.Release|Any CPU.Build.0 = Release|Any CPU
		{36B21028-D9E3-4A82-9B19-3175F0738DEA}.Debug|Any CPU.ActiveCfg = Debug|Any CPU
		{36B21028-D9E3-4A82-9B19-3175F0738DEA}.Debug|Any CPU.Build.0 = Debug|Any CPU
		{36B21028-D9E3-4A82-9B19-3175F0738DEA}.Release|Any CPU.ActiveCfg = Release|Any CPU
		{36B21028-D9E3-4A82-9B19-3175F0738DEA}.Release|Any CPU.Build.0 = Release|Any CPU
		{12FC2B39-7D16-4ECC-8970-A0518A45197D}.Debug|Any CPU.ActiveCfg = Debug|Any CPU
		{12FC2B39-7D16-4ECC-8970-A0518A45197D}.Debug|Any CPU.Build.0 = Debug|Any CPU
		{12FC2B39-7D16-4ECC-8970-A0518A45197D}.Release|Any CPU.ActiveCfg = Release|Any CPU
		{12FC2B39-7D16-4ECC-8970-A0518A45197D}.Release|Any CPU.Build.0 = Release|Any CPU
		{798B4EEB-51F7-4494-82BD-6FF3892156A6}.Debug|Any CPU.ActiveCfg = Debug|Any CPU
		{798B4EEB-51F7-4494-82BD-6FF3892156A6}.Debug|Any CPU.Build.0 = Debug|Any CPU
		{798B4EEB-51F7-4494-82BD-6FF3892156A6}.Release|Any CPU.ActiveCfg = Release|Any CPU
		{798B4EEB-51F7-4494-82BD-6FF3892156A6}.Release|Any CPU.Build.0 = Release|Any CPU
	EndGlobalSection
	GlobalSection(SolutionProperties) = preSolution
		HideSolutionNode = FALSE
	EndGlobalSection
	GlobalSection(NestedProjects) = preSolution
		{95FEA6BD-9BD7-4EF9-8155-ABA9ECFEBCC9} = {DE7083CD-67C9-4BD5-B952-0375C39733F3}
		{BA142292-F08D-48A3-9D6B-1B08D0E79635} = {DE7083CD-67C9-4BD5-B952-0375C39733F3}
		{81DDED9D-158B-E303-5F62-77A2896D2A5A} = {7E92B2B0-B636-4A3C-883C-4EA894CE9984}
		{F7D92B69-0F94-483A-84A0-B71AA60C6E4D} = {36D591C7-65C7-A0D1-1CBC-10CDE441BDC8}
		{5317226F-F440-4D5C-ADF6-B86B880EC1A8} = {2808CB47-8F46-4874-A56F-44275296BE9F}
		{7F29258C-2458-4BCC-8AB6-D0570750E7A8} = {36D591C7-65C7-A0D1-1CBC-10CDE441BDC8}
		{2808CB47-8F46-4874-A56F-44275296BE9F} = {36D591C7-65C7-A0D1-1CBC-10CDE441BDC8}
		{CF971501-57F9-F6C5-3E03-4498B5B59789} = {F7D92B69-0F94-483A-84A0-B71AA60C6E4D}
		{1B0996FD-D21F-0888-7593-CC60E260264E} = {F7D92B69-0F94-483A-84A0-B71AA60C6E4D}
		{A03F0EE8-53A8-433E-8372-4BDF6829A246} = {7F29258C-2458-4BCC-8AB6-D0570750E7A8}
		{36B21028-D9E3-4A82-9B19-3175F0738DEA} = {7F29258C-2458-4BCC-8AB6-D0570750E7A8}
		{DE7083CD-67C9-4BD5-B952-0375C39733F3} = {36D591C7-65C7-A0D1-1CBC-10CDE441BDC8}
		{12FC2B39-7D16-4ECC-8970-A0518A45197D} = {31AB5015-BD6D-4EFC-8F6C-9FC6A12E14E4}
		{798B4EEB-51F7-4494-82BD-6FF3892156A6} = {7F29258C-2458-4BCC-8AB6-D0570750E7A8}
	EndGlobalSection
	GlobalSection(ExtensibilityGlobals) = postSolution
		SolutionGuid = {094E2348-EC24-4C85-A529-DE5554066839}
	EndGlobalSection
EndGlobal
